
Microsoft Visual Studio Solution File, Format Version 12.00
# Visual Studio Version 17
VisualStudioVersion = 17.6.33801.468
MinimumVisualStudioVersion = 10.0.40219.1
Project("{FAE04EC0-301F-11D3-BF4B-00C04F79EFBC}") = "AbstractClasses", "AbstractClasses\AbstractClasses.csproj", "{EF2D3C5D-E774-4F7E-9CF8-204EB47A03F2}"
EndProject
Global
	GlobalSection(SolutionConfigurationPlatforms) = preSolution
		Debug|Any CPU = Debug|Any CPU
		Release|Any CPU = Release|Any CPU
	EndGlobalSection
	GlobalSection(ProjectConfigurationPlatforms) = postSolution
		{EF2D3C5D-E774-4F7E-9CF8-204EB47A03F2}.Debug|Any CPU.ActiveCfg = Debug|Any CPU
		{EF2D3C5D-E774-4F7E-9CF8-204EB47A03F2}.Debug|Any CPU.Build.0 = Debug|Any CPU
		{EF2D3C5D-E774-4F7E-9CF8-204EB47A03F2}.Release|Any CPU.ActiveCfg = Release|Any CPU
		{EF2D3C5D-E774-4F7E-9CF8-204EB47A03F2}.Release|Any CPU.Build.0 = Release|Any CPU
	EndGlobalSection
	GlobalSection(SolutionProperties) = preSolution
		HideSolutionNode = FALSE
	EndGlobalSection
	GlobalSection(ExtensibilityGlobals) = postSolution
		SolutionGuid = {AB3A99FB-1749-4012-A856-B7692B5E87C5}
	EndGlobalSection
EndGlobal
