
Microsoft Visual Studio Solution File, Format Version 12.00
# Visual Studio Version 17
VisualStudioVersion = 17.6.33801.468
MinimumVisualStudioVersion = 10.0.40219.1
Project("{FAE04EC0-301F-11D3-BF4B-00C04F79EFBC}") = "PersonClassAndAtributesFixationExercise", "PersonClassAndAtributesFixationExercise\PersonClassAndAtributesFixationExercise.csproj", "{0A320371-4706-44A6-9CE9-4B4435D1035F}"
EndProject
Global
	GlobalSection(SolutionConfigurationPlatforms) = preSolution
		Debug|Any CPU = Debug|Any CPU
		Release|Any CPU = Release|Any CPU
	EndGlobalSection
	GlobalSection(ProjectConfigurationPlatforms) = postSolution
		{0A320371-4706-44A6-9CE9-4B4435D1035F}.Debug|Any CPU.ActiveCfg = Debug|Any CPU
		{0A320371-4706-44A6-9CE9-4B4435D1035F}.Debug|Any CPU.Build.0 = Debug|Any CPU
		{0A320371-4706-44A6-9CE9-4B4435D1035F}.Release|Any CPU.ActiveCfg = Release|Any CPU
		{0A320371-4706-44A6-9CE9-4B4435D1035F}.Release|Any CPU.Build.0 = Release|Any CPU
	EndGlobalSection
	GlobalSection(SolutionProperties) = preSolution
		HideSolutionNode = FALSE
	EndGlobalSection
	GlobalSection(ExtensibilityGlobals) = postSolution
		SolutionGuid = {B7BCB3E0-795F-4032-A8E8-82B14060C9F1}
	EndGlobalSection
EndGlobal
