
Microsoft Visual Studio Solution File, Format Version 12.00
# Visual Studio Version 17
VisualStudioVersion = 17.6.33801.468
MinimumVisualStudioVersion = 10.0.40219.1
Project("{FAE04EC0-301F-11D3-BF4B-00C04F79EFBC}") = "DateTimeInCSharp", "DateTimeInCSharp\DateTimeInCSharp.csproj", "{D0A4C960-46E3-4C21-9255-A1AC2F5FA1EB}"
EndProject
Global
	GlobalSection(SolutionConfigurationPlatforms) = preSolution
		Debug|Any CPU = Debug|Any CPU
		Release|Any CPU = Release|Any CPU
	EndGlobalSection
	GlobalSection(ProjectConfigurationPlatforms) = postSolution
		{D0A4C960-46E3-4C21-9255-A1AC2F5FA1EB}.Debug|Any CPU.ActiveCfg = Debug|Any CPU
		{D0A4C960-46E3-4C21-9255-A1AC2F5FA1EB}.Debug|Any CPU.Build.0 = Debug|Any CPU
		{D0A4C960-46E3-4C21-9255-A1AC2F5FA1EB}.Release|Any CPU.ActiveCfg = Release|Any CPU
		{D0A4C960-46E3-4C21-9255-A1AC2F5FA1EB}.Release|Any CPU.Build.0 = Release|Any CPU
	EndGlobalSection
	GlobalSection(SolutionProperties) = preSolution
		HideSolutionNode = FALSE
	EndGlobalSection
	GlobalSection(ExtensibilityGlobals) = postSolution
		SolutionGuid = {CFD90C3B-8127-413E-B717-FDD931AABC11}
	EndGlobalSection
EndGlobal
