
Microsoft Visual Studio Solution File, Format Version 12.00
# Visual Studio Version 17
VisualStudioVersion = 17.8.34525.116
MinimumVisualStudioVersion = 10.0.40219.1
Project("{2150E333-8FDC-42A3-9474-1A3956D46DE8}") = "src", "src", "{A9000BD9-910C-4019-A421-D54E04F19111}"
EndProject
Project("{2150E333-8FDC-42A3-9474-1A3956D46DE8}") = "Class230", "Class230", "{7BC5007B-CFFB-45ED-B348-E730D76EA12C}"
EndProject
Project("{9A19103F-16F7-4668-BE54-9A1E7A4F7556}") = "DelegatesIntroduction", "DelegatesIntroduction\DelegatesIntroduction.csproj", "{909086EB-2401-4E77-A190-A8248783316F}"
EndProject
Project("{2150E333-8FDC-42A3-9474-1A3956D46DE8}") = "Class231", "Class231", "{448618EE-9F15-49E8-A344-073D28158E38}"
EndProject
Project("{9A19103F-16F7-4668-BE54-9A1E7A4F7556}") = "MulticastDelegates", "MulticastDelegates\MulticastDelegates.csproj", "{821C8C72-935A-409A-8526-5BEBB0700ADB}"
EndProject
Project("{2150E333-8FDC-42A3-9474-1A3956D46DE8}") = "Class232", "Class232", "{54AED3DC-12FC-4E94-BE93-C90E0B889455}"
EndProject
Project("{9A19103F-16F7-4668-BE54-9A1E7A4F7556}") = "PredicateRemoveAllExample", "PredicateRemoveAllExample\PredicateRemoveAllExample.csproj", "{C0BB234B-3EA7-441C-927C-431E22824599}"
EndProject
Project("{2150E333-8FDC-42A3-9474-1A3956D46DE8}") = "Class233", "Class233", "{464DC787-532A-43F9-BEF4-3A88609C05A8}"
EndProject
Project("{9A19103F-16F7-4668-BE54-9A1E7A4F7556}") = "ActionForEachExample", "ActionForEachExample\ActionForEachExample.csproj", "{3F0F38B8-C383-49AC-8EA6-73D3A26A0622}"
EndProject
Project("{2150E333-8FDC-42A3-9474-1A3956D46DE8}") = "Class234", "Class234", "{AB5BA33D-5025-441E-9926-7B3E6C7B3B8B}"
EndProject
Project("{FAE04EC0-301F-11D3-BF4B-00C04F79EFBC}") = "FuncExampleWithSelect", "FuncExampleWithSelect\FuncExampleWithSelect.csproj", "{552532B5-C082-4504-AEAD-AFB8114FE2F4}"
EndProject
Project("{2150E333-8FDC-42A3-9474-1A3956D46DE8}") = "Class242", "Class242", "{AE50C816-4DAE-48CD-A409-DE3C29CF0DA1}"
EndProject
Project("{2150E333-8FDC-42A3-9474-1A3956D46DE8}") = "Class241", "Class241", "{61D3AA37-C515-4749-A515-E745D76EB511}"
EndProject
Project("{2150E333-8FDC-42A3-9474-1A3956D46DE8}") = "Class239", "Class239", "{EC21ECA0-6EBC-4F56-BDA2-9515AA1BE321}"
EndProject
Project("{2150E333-8FDC-42A3-9474-1A3956D46DE8}") = "Class240", "Class240", "{DEB1CE7D-206A-4992-92F1-378171EE8F04}"
EndProject
Project("{2150E333-8FDC-42A3-9474-1A3956D46DE8}") = "Class237", "Class237", "{43258FA8-B495-41BD-AD52-A0144EEAF1C6}"
EndProject
Project("{2150E333-8FDC-42A3-9474-1A3956D46DE8}") = "Class235", "Class235", "{39B312C1-6522-4225-B407-B39F6B698B4D}"
EndProject
Project("{FAE04EC0-301F-11D3-BF4B-00C04F79EFBC}") = "IntroductionToLink", "IntroductionToLink\IntroductionToLink.csproj", "{BB8E0B5F-051E-4E79-84C2-8B945F1CF894}"
EndProject
Project("{FAE04EC0-301F-11D3-BF4B-00C04F79EFBC}") = "LinkWithLambda", "LinkWithLambda\LinkWithLambda.csproj", "{F0D6B52D-0F8A-48A1-9220-CF19FB1F1E38}"
EndProject
Global
	GlobalSection(SolutionConfigurationPlatforms) = preSolution
		Debug|Any CPU = Debug|Any CPU
		Release|Any CPU = Release|Any CPU
	EndGlobalSection
	GlobalSection(ProjectConfigurationPlatforms) = postSolution
		{909086EB-2401-4E77-A190-A8248783316F}.Debug|Any CPU.ActiveCfg = Debug|Any CPU
		{909086EB-2401-4E77-A190-A8248783316F}.Debug|Any CPU.Build.0 = Debug|Any CPU
		{909086EB-2401-4E77-A190-A8248783316F}.Release|Any CPU.ActiveCfg = Release|Any CPU
		{909086EB-2401-4E77-A190-A8248783316F}.Release|Any CPU.Build.0 = Release|Any CPU
		{821C8C72-935A-409A-8526-5BEBB0700ADB}.Debug|Any CPU.ActiveCfg = Debug|Any CPU
		{821C8C72-935A-409A-8526-5BEBB0700ADB}.Debug|Any CPU.Build.0 = Debug|Any CPU
		{821C8C72-935A-409A-8526-5BEBB0700ADB}.Release|Any CPU.ActiveCfg = Release|Any CPU
		{821C8C72-935A-409A-8526-5BEBB0700ADB}.Release|Any CPU.Build.0 = Release|Any CPU
		{C0BB234B-3EA7-441C-927C-431E22824599}.Debug|Any CPU.ActiveCfg = Debug|Any CPU
		{C0BB234B-3EA7-441C-927C-431E22824599}.Debug|Any CPU.Build.0 = Debug|Any CPU
		{C0BB234B-3EA7-441C-927C-431E22824599}.Release|Any CPU.ActiveCfg = Release|Any CPU
		{C0BB234B-3EA7-441C-927C-431E22824599}.Release|Any CPU.Build.0 = Release|Any CPU
		{3F0F38B8-C383-49AC-8EA6-73D3A26A0622}.Debug|Any CPU.ActiveCfg = Debug|Any CPU
		{3F0F38B8-C383-49AC-8EA6-73D3A26A0622}.Debug|Any CPU.Build.0 = Debug|Any CPU
		{3F0F38B8-C383-49AC-8EA6-73D3A26A0622}.Release|Any CPU.ActiveCfg = Release|Any CPU
		{3F0F38B8-C383-49AC-8EA6-73D3A26A0622}.Release|Any CPU.Build.0 = Release|Any CPU
		{552532B5-C082-4504-AEAD-AFB8114FE2F4}.Debug|Any CPU.ActiveCfg = Debug|Any CPU
		{552532B5-C082-4504-AEAD-AFB8114FE2F4}.Debug|Any CPU.Build.0 = Debug|Any CPU
		{552532B5-C082-4504-AEAD-AFB8114FE2F4}.Release|Any CPU.ActiveCfg = Release|Any CPU
		{552532B5-C082-4504-AEAD-AFB8114FE2F4}.Release|Any CPU.Build.0 = Release|Any CPU
		{BB8E0B5F-051E-4E79-84C2-8B945F1CF894}.Debug|Any CPU.ActiveCfg = Debug|Any CPU
		{BB8E0B5F-051E-4E79-84C2-8B945F1CF894}.Debug|Any CPU.Build.0 = Debug|Any CPU
		{BB8E0B5F-051E-4E79-84C2-8B945F1CF894}.Release|Any CPU.ActiveCfg = Release|Any CPU
		{BB8E0B5F-051E-4E79-84C2-8B945F1CF894}.Release|Any CPU.Build.0 = Release|Any CPU
		{F0D6B52D-0F8A-48A1-9220-CF19FB1F1E38}.Debug|Any CPU.ActiveCfg = Debug|Any CPU
		{F0D6B52D-0F8A-48A1-9220-CF19FB1F1E38}.Debug|Any CPU.Build.0 = Debug|Any CPU
		{F0D6B52D-0F8A-48A1-9220-CF19FB1F1E38}.Release|Any CPU.ActiveCfg = Release|Any CPU
		{F0D6B52D-0F8A-48A1-9220-CF19FB1F1E38}.Release|Any CPU.Build.0 = Release|Any CPU
	EndGlobalSection
	GlobalSection(SolutionProperties) = preSolution
		HideSolutionNode = FALSE
	EndGlobalSection
	GlobalSection(NestedProjects) = preSolution
		{7BC5007B-CFFB-45ED-B348-E730D76EA12C} = {A9000BD9-910C-4019-A421-D54E04F19111}
		{909086EB-2401-4E77-A190-A8248783316F} = {7BC5007B-CFFB-45ED-B348-E730D76EA12C}
		{448618EE-9F15-49E8-A344-073D28158E38} = {A9000BD9-910C-4019-A421-D54E04F19111}
		{821C8C72-935A-409A-8526-5BEBB0700ADB} = {448618EE-9F15-49E8-A344-073D28158E38}
		{54AED3DC-12FC-4E94-BE93-C90E0B889455} = {A9000BD9-910C-4019-A421-D54E04F19111}
		{C0BB234B-3EA7-441C-927C-431E22824599} = {54AED3DC-12FC-4E94-BE93-C90E0B889455}
		{464DC787-532A-43F9-BEF4-3A88609C05A8} = {A9000BD9-910C-4019-A421-D54E04F19111}
		{3F0F38B8-C383-49AC-8EA6-73D3A26A0622} = {464DC787-532A-43F9-BEF4-3A88609C05A8}
		{AB5BA33D-5025-441E-9926-7B3E6C7B3B8B} = {A9000BD9-910C-4019-A421-D54E04F19111}
		{552532B5-C082-4504-AEAD-AFB8114FE2F4} = {AB5BA33D-5025-441E-9926-7B3E6C7B3B8B}
		{AE50C816-4DAE-48CD-A409-DE3C29CF0DA1} = {A9000BD9-910C-4019-A421-D54E04F19111}
		{61D3AA37-C515-4749-A515-E745D76EB511} = {A9000BD9-910C-4019-A421-D54E04F19111}
		{EC21ECA0-6EBC-4F56-BDA2-9515AA1BE321} = {A9000BD9-910C-4019-A421-D54E04F19111}
		{DEB1CE7D-206A-4992-92F1-378171EE8F04} = {A9000BD9-910C-4019-A421-D54E04F19111}
		{43258FA8-B495-41BD-AD52-A0144EEAF1C6} = {A9000BD9-910C-4019-A421-D54E04F19111}
		{39B312C1-6522-4225-B407-B39F6B698B4D} = {A9000BD9-910C-4019-A421-D54E04F19111}
		{BB8E0B5F-051E-4E79-84C2-8B945F1CF894} = {39B312C1-6522-4225-B407-B39F6B698B4D}
		{F0D6B52D-0F8A-48A1-9220-CF19FB1F1E38} = {43258FA8-B495-41BD-AD52-A0144EEAF1C6}
	EndGlobalSection
	GlobalSection(ExtensibilityGlobals) = postSolution
		SolutionGuid = {97582938-299B-46BC-BAA7-4CB063B999B5}
	EndGlobalSection
EndGlobal
