
Microsoft Visual Studio Solution File, Format Version 12.00
# Visual Studio Version 17
VisualStudioVersion = 17.6.33801.468
MinimumVisualStudioVersion = 10.0.40219.1
Project("{FAE04EC0-301F-11D3-BF4B-00C04F79EFBC}") = "Generics", "Generics\Generics.csproj", "{46DA1E61-F127-4A5E-B9CB-6B7E2BE82B21}"
EndProject
Global
	GlobalSection(SolutionConfigurationPlatforms) = preSolution
		Debug|Any CPU = Debug|Any CPU
		Release|Any CPU = Release|Any CPU
	EndGlobalSection
	GlobalSection(ProjectConfigurationPlatforms) = postSolution
		{46DA1E61-F127-4A5E-B9CB-6B7E2BE82B21}.Debug|Any CPU.ActiveCfg = Debug|Any CPU
		{46DA1E61-F127-4A5E-B9CB-6B7E2BE82B21}.Debug|Any CPU.Build.0 = Debug|Any CPU
		{46DA1E61-F127-4A5E-B9CB-6B7E2BE82B21}.Release|Any CPU.ActiveCfg = Release|Any CPU
		{46DA1E61-F127-4A5E-B9CB-6B7E2BE82B21}.Release|Any CPU.Build.0 = Release|Any CPU
	EndGlobalSection
	GlobalSection(SolutionProperties) = preSolution
		HideSolutionNode = FALSE
	EndGlobalSection
	GlobalSection(ExtensibilityGlobals) = postSolution
		SolutionGuid = {B952E6EE-E18A-485B-8BCB-830D8F87D3F7}
	EndGlobalSection
EndGlobal
