
Microsoft Visual Studio Solution File, Format Version 12.00
# Visual Studio Version 17
VisualStudioVersion = 17.6.33801.468
MinimumVisualStudioVersion = 10.0.40219.1
Project("{FAE04EC0-301F-11D3-BF4B-00C04F79EFBC}") = "PathOperation", "PathOperation\PathOperation.csproj", "{166109AF-5146-4181-9FD3-BE6A1633BF11}"
EndProject
Global
	GlobalSection(SolutionConfigurationPlatforms) = preSolution
		Debug|Any CPU = Debug|Any CPU
		Release|Any CPU = Release|Any CPU
	EndGlobalSection
	GlobalSection(ProjectConfigurationPlatforms) = postSolution
		{166109AF-5146-4181-9FD3-BE6A1633BF11}.Debug|Any CPU.ActiveCfg = Debug|Any CPU
		{166109AF-5146-4181-9FD3-BE6A1633BF11}.Debug|Any CPU.Build.0 = Debug|Any CPU
		{166109AF-5146-4181-9FD3-BE6A1633BF11}.Release|Any CPU.ActiveCfg = Release|Any CPU
		{166109AF-5146-4181-9FD3-BE6A1633BF11}.Release|Any CPU.Build.0 = Release|Any CPU
	EndGlobalSection
	GlobalSection(SolutionProperties) = preSolution
		HideSolutionNode = FALSE
	EndGlobalSection
	GlobalSection(ExtensibilityGlobals) = postSolution
		SolutionGuid = {3B31928A-2416-499B-95C6-FBC12B9C5E63}
	EndGlobalSection
EndGlobal
