
Microsoft Visual Studio Solution File, Format Version 12.00
# Visual Studio Version 17
VisualStudioVersion = 17.6.33801.468
MinimumVisualStudioVersion = 10.0.40219.1
Project("{FAE04EC0-301F-11D3-BF4B-00C04F79EFBC}") = "ExerciseEnumerationsAndComposition", "ExerciseEnumerationsAndComposition\ExerciseEnumerationsAndComposition.csproj", "{8068951C-A29A-4B0A-91A6-C40F46C56824}"
EndProject
Global
	GlobalSection(SolutionConfigurationPlatforms) = preSolution
		Debug|Any CPU = Debug|Any CPU
		Release|Any CPU = Release|Any CPU
	EndGlobalSection
	GlobalSection(ProjectConfigurationPlatforms) = postSolution
		{8068951C-A29A-4B0A-91A6-C40F46C56824}.Debug|Any CPU.ActiveCfg = Debug|Any CPU
		{8068951C-A29A-4B0A-91A6-C40F46C56824}.Debug|Any CPU.Build.0 = Debug|Any CPU
		{8068951C-A29A-4B0A-91A6-C40F46C56824}.Release|Any CPU.ActiveCfg = Release|Any CPU
		{8068951C-A29A-4B0A-91A6-C40F46C56824}.Release|Any CPU.Build.0 = Release|Any CPU
	EndGlobalSection
	GlobalSection(SolutionProperties) = preSolution
		HideSolutionNode = FALSE
	EndGlobalSection
	GlobalSection(ExtensibilityGlobals) = postSolution
		SolutionGuid = {E5C23469-BCEB-45F3-9484-CF1FE679EB1E}
	EndGlobalSection
EndGlobal
