
Microsoft Visual Studio Solution File, Format Version 12.00
# Visual Studio Version 17
VisualStudioVersion = 17.6.33801.468
MinimumVisualStudioVersion = 10.0.40219.1
Project("{FAE04EC0-301F-11D3-BF4B-00C04F79EFBC}") = "EmployeeClassAndAtributesFixationExercise", "EmployeeClassAndAtributesFixationExercise\EmployeeClassAndAtributesFixationExercise.csproj", "{3D29F648-589F-42FE-AF51-3B350B975B61}"
EndProject
Global
	GlobalSection(SolutionConfigurationPlatforms) = preSolution
		Debug|Any CPU = Debug|Any CPU
		Release|Any CPU = Release|Any CPU
	EndGlobalSection
	GlobalSection(ProjectConfigurationPlatforms) = postSolution
		{3D29F648-589F-42FE-AF51-3B350B975B61}.Debug|Any CPU.ActiveCfg = Debug|Any CPU
		{3D29F648-589F-42FE-AF51-3B350B975B61}.Debug|Any CPU.Build.0 = Debug|Any CPU
		{3D29F648-589F-42FE-AF51-3B350B975B61}.Release|Any CPU.ActiveCfg = Release|Any CPU
		{3D29F648-589F-42FE-AF51-3B350B975B61}.Release|Any CPU.Build.0 = Release|Any CPU
	EndGlobalSection
	GlobalSection(SolutionProperties) = preSolution
		HideSolutionNode = FALSE
	EndGlobalSection
	GlobalSection(ExtensibilityGlobals) = postSolution
		SolutionGuid = {F65EEB2E-1F07-4EC3-BA34-8FBCEEB49930}
	EndGlobalSection
EndGlobal
