
Microsoft Visual Studio Solution File, Format Version 12.00
# Visual Studio Version 17
VisualStudioVersion = 17.8.34525.116
MinimumVisualStudioVersion = 10.0.40219.1
Project("{2150E333-8FDC-42A3-9474-1A3956D46DE8}") = "src", "src", "{A9000BD9-910C-4019-A421-D54E04F19111}"
EndProject
Project("{2150E333-8FDC-42A3-9474-1A3956D46DE8}") = "Class230", "Class230", "{7BC5007B-CFFB-45ED-B348-E730D76EA12C}"
EndProject
Project("{9A19103F-16F7-4668-BE54-9A1E7A4F7556}") = "DelegatesIntroduction", "DelegatesIntroduction\DelegatesIntroduction.csproj", "{909086EB-2401-4E77-A190-A8248783316F}"
EndProject
Project("{2150E333-8FDC-42A3-9474-1A3956D46DE8}") = "Class231", "Class231", "{448618EE-9F15-49E8-A344-073D28158E38}"
EndProject
Project("{9A19103F-16F7-4668-BE54-9A1E7A4F7556}") = "MulticastDelegates", "MulticastDelegates\MulticastDelegates.csproj", "{821C8C72-935A-409A-8526-5BEBB0700ADB}"
EndProject
Project("{2150E333-8FDC-42A3-9474-1A3956D46DE8}") = "Class232", "Class232", "{54AED3DC-12FC-4E94-BE93-C90E0B889455}"
EndProject
Project("{FAE04EC0-301F-11D3-BF4B-00C04F79EFBC}") = "PredicateRemoveAllExample", "PredicateRemoveAllExample\PredicateRemoveAllExample.csproj", "{C0BB234B-3EA7-441C-927C-431E22824599}"
EndProject
Global
	GlobalSection(SolutionConfigurationPlatforms) = preSolution
		Debug|Any CPU = Debug|Any CPU
		Release|Any CPU = Release|Any CPU
	EndGlobalSection
	GlobalSection(ProjectConfigurationPlatforms) = postSolution
		{909086EB-2401-4E77-A190-A8248783316F}.Debug|Any CPU.ActiveCfg = Debug|Any CPU
		{909086EB-2401-4E77-A190-A8248783316F}.Debug|Any CPU.Build.0 = Debug|Any CPU
		{909086EB-2401-4E77-A190-A8248783316F}.Release|Any CPU.ActiveCfg = Release|Any CPU
		{909086EB-2401-4E77-A190-A8248783316F}.Release|Any CPU.Build.0 = Release|Any CPU
		{821C8C72-935A-409A-8526-5BEBB0700ADB}.Debug|Any CPU.ActiveCfg = Debug|Any CPU
		{821C8C72-935A-409A-8526-5BEBB0700ADB}.Debug|Any CPU.Build.0 = Debug|Any CPU
		{821C8C72-935A-409A-8526-5BEBB0700ADB}.Release|Any CPU.ActiveCfg = Release|Any CPU
		{821C8C72-935A-409A-8526-5BEBB0700ADB}.Release|Any CPU.Build.0 = Release|Any CPU
		{C0BB234B-3EA7-441C-927C-431E22824599}.Debug|Any CPU.ActiveCfg = Debug|Any CPU
		{C0BB234B-3EA7-441C-927C-431E22824599}.Debug|Any CPU.Build.0 = Debug|Any CPU
		{C0BB234B-3EA7-441C-927C-431E22824599}.Release|Any CPU.ActiveCfg = Release|Any CPU
		{C0BB234B-3EA7-441C-927C-431E22824599}.Release|Any CPU.Build.0 = Release|Any CPU
	EndGlobalSection
	GlobalSection(SolutionProperties) = preSolution
		HideSolutionNode = FALSE
	EndGlobalSection
	GlobalSection(NestedProjects) = preSolution
		{7BC5007B-CFFB-45ED-B348-E730D76EA12C} = {A9000BD9-910C-4019-A421-D54E04F19111}
		{909086EB-2401-4E77-A190-A8248783316F} = {7BC5007B-CFFB-45ED-B348-E730D76EA12C}
		{448618EE-9F15-49E8-A344-073D28158E38} = {A9000BD9-910C-4019-A421-D54E04F19111}
		{821C8C72-935A-409A-8526-5BEBB0700ADB} = {448618EE-9F15-49E8-A344-073D28158E38}
		{54AED3DC-12FC-4E94-BE93-C90E0B889455} = {A9000BD9-910C-4019-A421-D54E04F19111}
		{C0BB234B-3EA7-441C-927C-431E22824599} = {54AED3DC-12FC-4E94-BE93-C90E0B889455}
	EndGlobalSection
	GlobalSection(ExtensibilityGlobals) = postSolution
		SolutionGuid = {97582938-299B-46BC-BAA7-4CB063B999B5}
	EndGlobalSection
EndGlobal
