
Microsoft Visual Studio Solution File, Format Version 12.00
# Visual Studio Version 17
VisualStudioVersion = 17.6.33801.468
MinimumVisualStudioVersion = 10.0.40219.1
Project("{FAE04EC0-301F-11D3-BF4B-00C04F79EFBC}") = "OutputDataFixationExercise", "OutputDataFixationExercise\OutputDataFixationExercise.csproj", "{FEF4BD2B-CB91-4B62-993F-F09E18229F1D}"
EndProject
Global
	GlobalSection(SolutionConfigurationPlatforms) = preSolution
		Debug|Any CPU = Debug|Any CPU
		Release|Any CPU = Release|Any CPU
	EndGlobalSection
	GlobalSection(ProjectConfigurationPlatforms) = postSolution
		{FEF4BD2B-CB91-4B62-993F-F09E18229F1D}.Debug|Any CPU.ActiveCfg = Debug|Any CPU
		{FEF4BD2B-CB91-4B62-993F-F09E18229F1D}.Debug|Any CPU.Build.0 = Debug|Any CPU
		{FEF4BD2B-CB91-4B62-993F-F09E18229F1D}.Release|Any CPU.ActiveCfg = Release|Any CPU
		{FEF4BD2B-CB91-4B62-993F-F09E18229F1D}.Release|Any CPU.Build.0 = Release|Any CPU
	EndGlobalSection
	GlobalSection(SolutionProperties) = preSolution
		HideSolutionNode = FALSE
	EndGlobalSection
	GlobalSection(ExtensibilityGlobals) = postSolution
		SolutionGuid = {035815B5-AB90-4CAD-95C7-DD3F8108F9D2}
	EndGlobalSection
EndGlobal
